<?xml version="1.0" encoding="utf-8"?>
<Project ToolsVersion="4.0" xmlns="http://schemas.microsoft.com/developer/msbuild/2003">
  <ItemGroup>
    <Filter Include="Source Files">
      <UniqueIdentifier>{3e2ab72f-1e7f-41d1-9ff4-32d670fd0e5d}</UniqueIdentifier>
      <Extensions>cpp;c;cxx;rc;def;r;odl;idl;hpj;bat</Extensions>
    </Filter>
    <Filter Include="Header Files">
      <UniqueIdentifier>{7f93020e-aa77-4610-99dd-8d73c413c23b}</UniqueIdentifier>
      <Extensions>h;hpp;hxx;hm;inl</Extensions>
    </Filter>
    <Filter Include="Resource Files">
      <UniqueIdentifier>{3c55fa23-8b34-4e7a-b417-2356bd8dff1d}</UniqueIdentifier>
      <Extensions>ico;cur;bmp;dlg;rc2;rct;bin;rgs;gif;jpg;jpeg;jpe</Extensions>
    </Filter>
  </ItemGroup>
  <ItemGroup>
    <ClCompile Include="automataDlg.cpp">
      <Filter>Source Files</Filter>
    </ClCompile>
    <ClCompile Include="automates.cpp">
      <Filter>Source Files</Filter>
    </ClCompile>
    <ClCompile Include="automatesDlg.cpp">
      <Filter>Source Files</Filter>
    </ClCompile>
    <ClCompile Include="coada_s.cpp">
      <Filter>Source Files</Filter>
    </ClCompile>
    <ClCompile Include="DFADlg.cpp">
      <Filter>Source Files</Filter>
    </ClCompile>
    <ClCompile Include="PDADlg.cpp">
      <Filter>Source Files</Filter>
    </ClCompile>
    <ClCompile Include="StdAfx.cpp">
      <Filter>Source Files</Filter>
    </ClCompile>
  </ItemGroup>
  <ItemGroup>
    <ResourceCompile Include="automates.rc">
      <Filter>Source Files</Filter>
    </ResourceCompile>
  </ItemGroup>
  <ItemGroup>
    <ClInclude Include="automataDlg.h">
      <Filter>Header Files</Filter>
    </ClInclude>
    <ClInclude Include="automates.h">
      <Filter>Header Files</Filter>
    </ClInclude>
    <ClInclude Include="automatesDlg.h">
      <Filter>Header Files</Filter>
    </ClInclude>
    <ClInclude Include="coada_s.h">
      <Filter>Header Files</Filter>
    </ClInclude>
    <ClInclude Include="DFADlg.h">
      <Filter>Header Files</Filter>
    </ClInclude>
    <ClInclude Include="PDADlg.h">
      <Filter>Header Files</Filter>
    </ClInclude>
    <ClInclude Include="Resource.h">
      <Filter>Header Files</Filter>
    </ClInclude>
    <ClInclude Include="StdAfx.h">
      <Filter>Header Files</Filter>
    </ClInclude>
  </ItemGroup>
  <ItemGroup>
    <Image Include="res\automates.ico">
      <Filter>Resource Files</Filter>
    </Image>
  </ItemGroup>
  <ItemGroup>
    <None Include="res\automates.rc2">
      <Filter>Resource Files</Filter>
    </None>
  </ItemGroup>
  <ItemGroup>
    <Text Include="ReadMe.txt" />
  </ItemGroup>
</Project>